
Microsoft Visual Studio Solution File, Format Version 11.00
# Visual Studio 2010
Project("{F184B08F-C81C-45F6-A57F-5ABD9991F28F}") = "Step99", "Step99.vbproj", "{39E68A89-9A56-4DDC-A3D4-42A1F0D532B4}"
EndProject
Global
	GlobalSection(SolutionConfigurationPlatforms) = preSolution
		Debug|x86 = Debug|x86
		Release|x86 = Release|x86
	EndGlobalSection
	GlobalSection(ProjectConfigurationPlatforms) = postSolution
		{39E68A89-9A56-4DDC-A3D4-42A1F0D532B4}.Debug|x86.ActiveCfg = Debug|x86
		{39E68A89-9A56-4DDC-A3D4-42A1F0D532B4}.Debug|x86.Build.0 = Debug|x86
		{39E68A89-9A56-4DDC-A3D4-42A1F0D532B4}.Release|x86.ActiveCfg = Release|x86
		{39E68A89-9A56-4DDC-A3D4-42A1F0D532B4}.Release|x86.Build.0 = Release|x86
	EndGlobalSection
	GlobalSection(SolutionProperties) = preSolution
		HideSolutionNode = FALSE
	EndGlobalSection
EndGlobal
