
Microsoft Visual Studio Solution File, Format Version 11.00
# Visual Studio 2010
Project("{F184B08F-C81C-45F6-A57F-5ABD9991F28F}") = "Step08", "Step08.vbproj", "{8CD8F0D5-AF93-484C-BFC1-AB80984974B9}"
EndProject
Global
	GlobalSection(SolutionConfigurationPlatforms) = preSolution
		Debug|x86 = Debug|x86
		Release|x86 = Release|x86
	EndGlobalSection
	GlobalSection(ProjectConfigurationPlatforms) = postSolution
		{8CD8F0D5-AF93-484C-BFC1-AB80984974B9}.Debug|x86.ActiveCfg = Debug|x86
		{8CD8F0D5-AF93-484C-BFC1-AB80984974B9}.Debug|x86.Build.0 = Debug|x86
		{8CD8F0D5-AF93-484C-BFC1-AB80984974B9}.Release|x86.ActiveCfg = Release|x86
		{8CD8F0D5-AF93-484C-BFC1-AB80984974B9}.Release|x86.Build.0 = Release|x86
	EndGlobalSection
	GlobalSection(SolutionProperties) = preSolution
		HideSolutionNode = FALSE
	EndGlobalSection
EndGlobal
